// !$*UTF8*$!
{
	archiveVersion = 1;
	classes = {
	};
	objectVersion = 56;
	objects = {

/* Begin PBXBuildFile section */
		2F54062C2AFE0C08009325E7 /* GoogleService-Info.plist in Resources */ = {isa = PBXBuildFile; fileRef = 2F54062B2AFE0C08009325E7 /* GoogleService-Info.plist */; };
		2F54062F2AFE1605009325E7 /* FirebaseAnalytics in Frameworks */ = {isa = PBXBuildFile; productRef = 2F54062E2AFE1605009325E7 /* FirebaseAnalytics */; };
		2F5406312AFE1605009325E7 /* FirebaseAnalyticsOnDeviceConversion in Frameworks */ = {isa = PBXBuildFile; productRef = 2F5406302AFE1605009325E7 /* FirebaseAnalyticsOnDeviceConversion */; };
		2F5406332AFE1605009325E7 /* FirebaseAnalyticsSwift in Frameworks */ = {isa = PBXBuildFile; productRef = 2F5406322AFE1605009325E7 /* FirebaseAnalyticsSwift */; };
		2F5406352AFE1605009325E7 /* FirebaseAnalyticsWithoutAdIdSupport in Frameworks */ = {isa = PBXBuildFile; productRef = 2F5406342AFE1605009325E7 /* FirebaseAnalyticsWithoutAdIdSupport */; };
		2F5406372AFE1605009325E7 /* FirebaseAppCheck in Frameworks */ = {isa = PBXBuildFile; productRef = 2F5406362AFE1605009325E7 /* FirebaseAppCheck */; };
		2F5406392AFE1605009325E7 /* FirebaseAppDistribution-Beta in Frameworks */ = {isa = PBXBuildFile; productRef = 2F5406382AFE1605009325E7 /* FirebaseAppDistribution-Beta */; };
		2F54063B2AFE1605009325E7 /* FirebaseAuth in Frameworks */ = {isa = PBXBuildFile; productRef = 2F54063A2AFE1605009325E7 /* FirebaseAuth */; };
		2F54063D2AFE1605009325E7 /* FirebaseAuthCombine-Community in Frameworks */ = {isa = PBXBuildFile; productRef = 2F54063C2AFE1605009325E7 /* FirebaseAuthCombine-Community */; };
		2F54063F2AFE1605009325E7 /* FirebaseCrashlytics in Frameworks */ = {isa = PBXBuildFile; productRef = 2F54063E2AFE1605009325E7 /* FirebaseCrashlytics */; };
		2F5406412AFE1605009325E7 /* FirebaseDatabase in Frameworks */ = {isa = PBXBuildFile; productRef = 2F5406402AFE1605009325E7 /* FirebaseDatabase */; };
		2F5406432AFE1605009325E7 /* FirebaseDatabaseSwift in Frameworks */ = {isa = PBXBuildFile; productRef = 2F5406422AFE1605009325E7 /* FirebaseDatabaseSwift */; };
		2F5406452AFE1605009325E7 /* FirebaseDynamicLinks in Frameworks */ = {isa = PBXBuildFile; productRef = 2F5406442AFE1605009325E7 /* FirebaseDynamicLinks */; };
		2F5406472AFE1605009325E7 /* FirebaseFirestore in Frameworks */ = {isa = PBXBuildFile; productRef = 2F5406462AFE1605009325E7 /* FirebaseFirestore */; };
		2F5406492AFE1605009325E7 /* FirebaseFirestoreCombine-Community in Frameworks */ = {isa = PBXBuildFile; productRef = 2F5406482AFE1605009325E7 /* FirebaseFirestoreCombine-Community */; };
		2F54064B2AFE1605009325E7 /* FirebaseFirestoreSwift in Frameworks */ = {isa = PBXBuildFile; productRef = 2F54064A2AFE1605009325E7 /* FirebaseFirestoreSwift */; };
		2F54064D2AFE1605009325E7 /* FirebaseFunctions in Frameworks */ = {isa = PBXBuildFile; productRef = 2F54064C2AFE1605009325E7 /* FirebaseFunctions */; };
		2F54064F2AFE1605009325E7 /* FirebaseFunctionsCombine-Community in Frameworks */ = {isa = PBXBuildFile; productRef = 2F54064E2AFE1605009325E7 /* FirebaseFunctionsCombine-Community */; };
		2F5406512AFE1605009325E7 /* FirebaseInAppMessaging-Beta in Frameworks */ = {isa = PBXBuildFile; productRef = 2F5406502AFE1605009325E7 /* FirebaseInAppMessaging-Beta */; };
		2F5406532AFE1605009325E7 /* FirebaseInAppMessagingSwift-Beta in Frameworks */ = {isa = PBXBuildFile; productRef = 2F5406522AFE1605009325E7 /* FirebaseInAppMessagingSwift-Beta */; };
		2F5406552AFE1605009325E7 /* FirebaseInstallations in Frameworks */ = {isa = PBXBuildFile; productRef = 2F5406542AFE1605009325E7 /* FirebaseInstallations */; };
		2F5406572AFE1605009325E7 /* FirebaseMLModelDownloader in Frameworks */ = {isa = PBXBuildFile; productRef = 2F5406562AFE1605009325E7 /* FirebaseMLModelDownloader */; };
		2F5406592AFE1605009325E7 /* FirebaseMessaging in Frameworks */ = {isa = PBXBuildFile; productRef = 2F5406582AFE1605009325E7 /* FirebaseMessaging */; };
		2F54065B2AFE1605009325E7 /* FirebasePerformance in Frameworks */ = {isa = PBXBuildFile; productRef = 2F54065A2AFE1605009325E7 /* FirebasePerformance */; };
		2F54065D2AFE1605009325E7 /* FirebaseRemoteConfig in Frameworks */ = {isa = PBXBuildFile; productRef = 2F54065C2AFE1605009325E7 /* FirebaseRemoteConfig */; };
		2F54065F2AFE1605009325E7 /* FirebaseRemoteConfigSwift in Frameworks */ = {isa = PBXBuildFile; productRef = 2F54065E2AFE1605009325E7 /* FirebaseRemoteConfigSwift */; };
		2F5406612AFE1605009325E7 /* FirebaseStorage in Frameworks */ = {isa = PBXBuildFile; productRef = 2F5406602AFE1605009325E7 /* FirebaseStorage */; };
		2F5406632AFE1605009325E7 /* FirebaseStorageCombine-Community in Frameworks */ = {isa = PBXBuildFile; productRef = 2F5406622AFE1605009325E7 /* FirebaseStorageCombine-Community */; };
		2F6A7A572AFDE55700EA951C /* SecondPage.swift in Sources */ = {isa = PBXBuildFile; fileRef = 2F6A7A562AFDE55700EA951C /* SecondPage.swift */; };
		2FD9ECC82AFDCEF300549AD9 /* AppDelegate.swift in Sources */ = {isa = PBXBuildFile; fileRef = 2FD9ECC72AFDCEF300549AD9 /* AppDelegate.swift */; };
		2FD9ECCA2AFDCEF300549AD9 /* SceneDelegate.swift in Sources */ = {isa = PBXBuildFile; fileRef = 2FD9ECC92AFDCEF300549AD9 /* SceneDelegate.swift */; };
		2FD9ECCC2AFDCEF300549AD9 /* ViewController.swift in Sources */ = {isa = PBXBuildFile; fileRef = 2FD9ECCB2AFDCEF300549AD9 /* ViewController.swift */; };
		2FD9ECCF2AFDCEF300549AD9 /* Main.storyboard in Resources */ = {isa = PBXBuildFile; fileRef = 2FD9ECCD2AFDCEF300549AD9 /* Main.storyboard */; };
		2FD9ECD12AFDCEF400549AD9 /* Assets.xcassets in Resources */ = {isa = PBXBuildFile; fileRef = 2FD9ECD02AFDCEF400549AD9 /* Assets.xcassets */; };
		2FD9ECD42AFDCEF400549AD9 /* LaunchScreen.storyboard in Resources */ = {isa = PBXBuildFile; fileRef = 2FD9ECD22AFDCEF400549AD9 /* LaunchScreen.storyboard */; };
/* End PBXBuildFile section */

/* Begin PBXFileReference section */
		2F54062B2AFE0C08009325E7 /* GoogleService-Info.plist */ = {isa = PBXFileReference; fileEncoding = 4; lastKnownFileType = text.plist.xml; path = "GoogleService-Info.plist"; sourceTree = "<group>"; };
		2F6A7A562AFDE55700EA951C /* SecondPage.swift */ = {isa = PBXFileReference; fileEncoding = 4; lastKnownFileType = sourcecode.swift; path = SecondPage.swift; sourceTree = "<group>"; };
		2FD9ECC42AFDCEF300549AD9 /* App12.app */ = {isa = PBXFileReference; explicitFileType = wrapper.application; includeInIndex = 0; path = App12.app; sourceTree = BUILT_PRODUCTS_DIR; };
		2FD9ECC72AFDCEF300549AD9 /* AppDelegate.swift */ = {isa = PBXFileReference; lastKnownFileType = sourcecode.swift; path = AppDelegate.swift; sourceTree = "<group>"; };
		2FD9ECC92AFDCEF300549AD9 /* SceneDelegate.swift */ = {isa = PBXFileReference; lastKnownFileType = sourcecode.swift; path = SceneDelegate.swift; sourceTree = "<group>"; };
		2FD9ECCB2AFDCEF300549AD9 /* ViewController.swift */ = {isa = PBXFileReference; lastKnownFileType = sourcecode.swift; path = ViewController.swift; sourceTree = "<group>"; };
		2FD9ECCE2AFDCEF300549AD9 /* Base */ = {isa = PBXFileReference; lastKnownFileType = file.storyboard; name = Base; path = Base.lproj/Main.storyboard; sourceTree = "<group>"; };
		2FD9ECD02AFDCEF400549AD9 /* Assets.xcassets */ = {isa = PBXFileReference; lastKnownFileType = folder.assetcatalog; path = Assets.xcassets; sourceTree = "<group>"; };
		2FD9ECD32AFDCEF400549AD9 /* Base */ = {isa = PBXFileReference; lastKnownFileType = file.storyboard; name = Base; path = Base.lproj/LaunchScreen.storyboard; sourceTree = "<group>"; };
		2FD9ECD52AFDCEF400549AD9 /* Info.plist */ = {isa = PBXFileReference; lastKnownFileType = text.plist.xml; path = Info.plist; sourceTree = "<group>"; };
/* End PBXFileReference section */

/* Begin PBXFrameworksBuildPhase section */
		2FD9ECC12AFDCEF300549AD9 /* Frameworks */ = {
			isa = PBXFrameworksBuildPhase;
			buildActionMask = 2147483647;
			files = (
				2F5406412AFE1605009325E7 /* FirebaseDatabase in Frameworks */,
				2F54064F2AFE1605009325E7 /* FirebaseFunctionsCombine-Community in Frameworks */,
				2F5406472AFE1605009325E7 /* FirebaseFirestore in Frameworks */,
				2F5406332AFE1605009325E7 /* FirebaseAnalyticsSwift in Frameworks */,
				2F54062F2AFE1605009325E7 /* FirebaseAnalytics in Frameworks */,
				2F5406312AFE1605009325E7 /* FirebaseAnalyticsOnDeviceConversion in Frameworks */,
				2F5406572AFE1605009325E7 /* FirebaseMLModelDownloader in Frameworks */,
				2F54064B2AFE1605009325E7 /* FirebaseFirestoreSwift in Frameworks */,
				2F5406372AFE1605009325E7 /* FirebaseAppCheck in Frameworks */,
				2F5406352AFE1605009325E7 /* FirebaseAnalyticsWithoutAdIdSupport in Frameworks */,
				2F54063B2AFE1605009325E7 /* FirebaseAuth in Frameworks */,
				2F54063F2AFE1605009325E7 /* FirebaseCrashlytics in Frameworks */,
				2F54065F2AFE1605009325E7 /* FirebaseRemoteConfigSwift in Frameworks */,
				2F5406512AFE1605009325E7 /* FirebaseInAppMessaging-Beta in Frameworks */,
				2F5406432AFE1605009325E7 /* FirebaseDatabaseSwift in Frameworks */,
				2F54064D2AFE1605009325E7 /* FirebaseFunctions in Frameworks */,
				2F5406632AFE1605009325E7 /* FirebaseStorageCombine-Community in Frameworks */,
				2F54065D2AFE1605009325E7 /* FirebaseRemoteConfig in Frameworks */,
				2F5406392AFE1605009325E7 /* FirebaseAppDistribution-Beta in Frameworks */,
				2F54063D2AFE1605009325E7 /* FirebaseAuthCombine-Community in Frameworks */,
				2F54065B2AFE1605009325E7 /* FirebasePerformance in Frameworks */,
				2F5406532AFE1605009325E7 /* FirebaseInAppMessagingSwift-Beta in Frameworks */,
				2F5406612AFE1605009325E7 /* FirebaseStorage in Frameworks */,
				2F5406452AFE1605009325E7 /* FirebaseDynamicLinks in Frameworks */,
				2F5406492AFE1605009325E7 /* FirebaseFirestoreCombine-Community in Frameworks */,
				2F5406592AFE1605009325E7 /* FirebaseMessaging in Frameworks */,
				2F5406552AFE1605009325E7 /* FirebaseInstallations in Frameworks */,
			);
			runOnlyForDeploymentPostprocessing = 0;
		};
/* End PBXFrameworksBuildPhase section */

/* Begin PBXGroup section */
		2FD9ECBB2AFDCEF300549AD9 = {
			isa = PBXGroup;
			children = (
				2FD9ECC62AFDCEF300549AD9 /* App12 */,
				2FD9ECC52AFDCEF300549AD9 /* Products */,
			);
			sourceTree = "<group>";
		};
		2FD9ECC52AFDCEF300549AD9 /* Products */ = {
			isa = PBXGroup;
			children = (
				2FD9ECC42AFDCEF300549AD9 /* App12.app */,
			);
			name = Products;
			sourceTree = "<group>";
		};
		2FD9ECC62AFDCEF300549AD9 /* App12 */ = {
			isa = PBXGroup;
			children = (
				2FD9ECC72AFDCEF300549AD9 /* AppDelegate.swift */,
				2FD9ECC92AFDCEF300549AD9 /* SceneDelegate.swift */,
				2F6A7A562AFDE55700EA951C /* SecondPage.swift */,
				2FD9ECCB2AFDCEF300549AD9 /* ViewController.swift */,
				2FD9ECCD2AFDCEF300549AD9 /* Main.storyboard */,
				2FD9ECD02AFDCEF400549AD9 /* Assets.xcassets */,
				2FD9ECD22AFDCEF400549AD9 /* LaunchScreen.storyboard */,
				2FD9ECD52AFDCEF400549AD9 /* Info.plist */,
				2F54062B2AFE0C08009325E7 /* GoogleService-Info.plist */,
			);
			path = App12;
			sourceTree = "<group>";
		};
/* End PBXGroup section */

/* Begin PBXNativeTarget section */
		2FD9ECC32AFDCEF300549AD9 /* App12 */ = {
			isa = PBXNativeTarget;
			buildConfigurationList = 2FD9ECD82AFDCEF400549AD9 /* Build configuration list for PBXNativeTarget "App12" */;
			buildPhases = (
				2FD9ECC02AFDCEF300549AD9 /* Sources */,
				2FD9ECC12AFDCEF300549AD9 /* Frameworks */,
				2FD9ECC22AFDCEF300549AD9 /* Resources */,
			);
			buildRules = (
			);
			dependencies = (
			);
			name = App12;
			packageProductDependencies = (
				2F54062E2AFE1605009325E7 /* FirebaseAnalytics */,
				2F5406302AFE1605009325E7 /* FirebaseAnalyticsOnDeviceConversion */,
				2F5406322AFE1605009325E7 /* FirebaseAnalyticsSwift */,
				2F5406342AFE1605009325E7 /* FirebaseAnalyticsWithoutAdIdSupport */,
				2F5406362AFE1605009325E7 /* FirebaseAppCheck */,
				2F5406382AFE1605009325E7 /* FirebaseAppDistribution-Beta */,
				2F54063A2AFE1605009325E7 /* FirebaseAuth */,
				2F54063C2AFE1605009325E7 /* FirebaseAuthCombine-Community */,
				2F54063E2AFE1605009325E7 /* FirebaseCrashlytics */,
				2F5406402AFE1605009325E7 /* FirebaseDatabase */,
				2F5406422AFE1605009325E7 /* FirebaseDatabaseSwift */,
				2F5406442AFE1605009325E7 /* FirebaseDynamicLinks */,
				2F5406462AFE1605009325E7 /* FirebaseFirestore */,
				2F5406482AFE1605009325E7 /* FirebaseFirestoreCombine-Community */,
				2F54064A2AFE1605009325E7 /* FirebaseFirestoreSwift */,
				2F54064C2AFE1605009325E7 /* FirebaseFunctions */,
				2F54064E2AFE1605009325E7 /* FirebaseFunctionsCombine-Community */,
				2F5406502AFE1605009325E7 /* FirebaseInAppMessaging-Beta */,
				2F5406522AFE1605009325E7 /* FirebaseInAppMessagingSwift-Beta */,
				2F5406542AFE1605009325E7 /* FirebaseInstallations */,
				2F5406562AFE1605009325E7 /* FirebaseMLModelDownloader */,
				2F5406582AFE1605009325E7 /* FirebaseMessaging */,
				2F54065A2AFE1605009325E7 /* FirebasePerformance */,
				2F54065C2AFE1605009325E7 /* FirebaseRemoteConfig */,
				2F54065E2AFE1605009325E7 /* FirebaseRemoteConfigSwift */,
				2F5406602AFE1605009325E7 /* FirebaseStorage */,
				2F5406622AFE1605009325E7 /* FirebaseStorageCombine-Community */,
			);
			productName = App12;
			productReference = 2FD9ECC42AFDCEF300549AD9 /* App12.app */;
			productType = "com.apple.product-type.application";
		};
/* End PBXNativeTarget section */

/* Begin PBXProject section */
		2FD9ECBC2AFDCEF300549AD9 /* Project object */ = {
			isa = PBXProject;
			attributes = {
				BuildIndependentTargetsInParallel = 1;
				LastSwiftUpdateCheck = 1500;
				LastUpgradeCheck = 1500;
				TargetAttributes = {
					2FD9ECC32AFDCEF300549AD9 = {
						CreatedOnToolsVersion = 15.0;
					};
				};
			};
			buildConfigurationList = 2FD9ECBF2AFDCEF300549AD9 /* Build configuration list for PBXProject "App12" */;
			compatibilityVersion = "Xcode 14.0";
			developmentRegion = en;
			hasScannedForEncodings = 0;
			knownRegions = (
				en,
				Base,
			);
			mainGroup = 2FD9ECBB2AFDCEF300549AD9;
			packageReferences = (
				2F54062D2AFE1605009325E7 /* XCRemoteSwiftPackageReference "firebase-ios-sdk" */,
			);
			productRefGroup = 2FD9ECC52AFDCEF300549AD9 /* Products */;
			projectDirPath = "";
			projectRoot = "";
			targets = (
				2FD9ECC32AFDCEF300549AD9 /* App12 */,
			);
		};
/* End PBXProject section */

/* Begin PBXResourcesBuildPhase section */
		2FD9ECC22AFDCEF300549AD9 /* Resources */ = {
			isa = PBXResourcesBuildPhase;
			buildActionMask = 2147483647;
			files = (
				2FD9ECD42AFDCEF400549AD9 /* LaunchScreen.storyboard in Resources */,
				2F54062C2AFE0C08009325E7 /* GoogleService-Info.plist in Resources */,
				2FD9ECD12AFDCEF400549AD9 /* Assets.xcassets in Resources */,
				2FD9ECCF2AFDCEF300549AD9 /* Main.storyboard in Resources */,
			);
			runOnlyForDeploymentPostprocessing = 0;
		};
/* End PBXResourcesBuildPhase section */

/* Begin PBXSourcesBuildPhase section */
		2FD9ECC02AFDCEF300549AD9 /* Sources */ = {
			isa = PBXSourcesBuildPhase;
			buildActionMask = 2147483647;
			files = (
				2F6A7A572AFDE55700EA951C /* SecondPage.swift in Sources */,
				2FD9ECCC2AFDCEF300549AD9 /* ViewController.swift in Sources */,
				2FD9ECC82AFDCEF300549AD9 /* AppDelegate.swift in Sources */,
				2FD9ECCA2AFDCEF300549AD9 /* SceneDelegate.swift in Sources */,
			);
			runOnlyForDeploymentPostprocessing = 0;
		};
/* End PBXSourcesBuildPhase section */

/* Begin PBXVariantGroup section */
		2FD9ECCD2AFDCEF300549AD9 /* Main.storyboard */ = {
			isa = PBXVariantGroup;
			children = (
				2FD9ECCE2AFDCEF300549AD9 /* Base */,
			);
			name = Main.storyboard;
			sourceTree = "<group>";
		};
		2FD9ECD22AFDCEF400549AD9 /* LaunchScreen.storyboard */ = {
			isa = PBXVariantGroup;
			children = (
				2FD9ECD32AFDCEF400549AD9 /* Base */,
			);
			name = LaunchScreen.storyboard;
			sourceTree = "<group>";
		};
/* End PBXVariantGroup section */

/* Begin XCBuildConfiguration section */
		2FD9ECD62AFDCEF400549AD9 /* Debug */ = {
			isa = XCBuildConfiguration;
			buildSettings = {
				ALWAYS_SEARCH_USER_PATHS = NO;
				ASSETCATALOG_COMPILER_GENERATE_SWIFT_ASSET_SYMBOL_EXTENSIONS = YES;
				CLANG_ANALYZER_NONNULL = YES;
				CLANG_ANALYZER_NUMBER_OBJECT_CONVERSION = YES_AGGRESSIVE;
				CLANG_CXX_LANGUAGE_STANDARD = "gnu++20";
				CLANG_ENABLE_MODULES = YES;
				CLANG_ENABLE_OBJC_ARC = YES;
				CLANG_ENABLE_OBJC_WEAK = YES;
				CLANG_WARN_BLOCK_CAPTURE_AUTORELEASING = YES;
				CLANG_WARN_BOOL_CONVERSION = YES;
				CLANG_WARN_COMMA = YES;
				CLANG_WARN_CONSTANT_CONVERSION = YES;
				CLANG_WARN_DEPRECATED_OBJC_IMPLEMENTATIONS = YES;
				CLANG_WARN_DIRECT_OBJC_ISA_USAGE = YES_ERROR;
				CLANG_WARN_DOCUMENTATION_COMMENTS = YES;
				CLANG_WARN_EMPTY_BODY = YES;
				CLANG_WARN_ENUM_CONVERSION = YES;
				CLANG_WARN_INFINITE_RECURSION = YES;
				CLANG_WARN_INT_CONVERSION = YES;
				CLANG_WARN_NON_LITERAL_NULL_CONVERSION = YES;
				CLANG_WARN_OBJC_IMPLICIT_RETAIN_SELF = YES;
				CLANG_WARN_OBJC_LITERAL_CONVERSION = YES;
				CLANG_WARN_OBJC_ROOT_CLASS = YES_ERROR;
				CLANG_WARN_QUOTED_INCLUDE_IN_FRAMEWORK_HEADER = YES;
				CLANG_WARN_RANGE_LOOP_ANALYSIS = YES;
				CLANG_WARN_STRICT_PROTOTYPES = YES;
				CLANG_WARN_SUSPICIOUS_MOVE = YES;
				CLANG_WARN_UNGUARDED_AVAILABILITY = YES_AGGRESSIVE;
				CLANG_WARN_UNREACHABLE_CODE = YES;
				CLANG_WARN__DUPLICATE_METHOD_MATCH = YES;
				COPY_PHASE_STRIP = NO;
				DEBUG_INFORMATION_FORMAT = dwarf;
				ENABLE_STRICT_OBJC_MSGSEND = YES;
				ENABLE_TESTABILITY = YES;
				ENABLE_USER_SCRIPT_SANDBOXING = YES;
				GCC_C_LANGUAGE_STANDARD = gnu17;
				GCC_DYNAMIC_NO_PIC = NO;
				GCC_NO_COMMON_BLOCKS = YES;
				GCC_OPTIMIZATION_LEVEL = 0;
				GCC_PREPROCESSOR_DEFINITIONS = (
					"DEBUG=1",
					"$(inherited)",
				);
				GCC_WARN_64_TO_32_BIT_CONVERSION = YES;
				GCC_WARN_ABOUT_RETURN_TYPE = YES_ERROR;
				GCC_WARN_UNDECLARED_SELECTOR = YES;
				GCC_WARN_UNINITIALIZED_AUTOS = YES_AGGRESSIVE;
				GCC_WARN_UNUSED_FUNCTION = YES;
				GCC_WARN_UNUSED_VARIABLE = YES;
				IPHONEOS_DEPLOYMENT_TARGET = 17.0;
				LOCALIZATION_PREFERS_STRING_CATALOGS = YES;
				MTL_ENABLE_DEBUG_INFO = INCLUDE_SOURCE;
				MTL_FAST_MATH = YES;
				ONLY_ACTIVE_ARCH = YES;
				SDKROOT = iphoneos;
				SWIFT_ACTIVE_COMPILATION_CONDITIONS = "DEBUG $(inherited)";
				SWIFT_OPTIMIZATION_LEVEL = "-Onone";
			};
			name = Debug;
		};
		2FD9ECD72AFDCEF400549AD9 /* Release */ = {
			isa = XCBuildConfiguration;
			buildSettings = {
				ALWAYS_SEARCH_USER_PATHS = NO;
				ASSETCATALOG_COMPILER_GENERATE_SWIFT_ASSET_SYMBOL_EXTENSIONS = YES;
				CLANG_ANALYZER_NONNULL = YES;
				CLANG_ANALYZER_NUMBER_OBJECT_CONVERSION = YES_AGGRESSIVE;
				CLANG_CXX_LANGUAGE_STANDARD = "gnu++20";
				CLANG_ENABLE_MODULES = YES;
				CLANG_ENABLE_OBJC_ARC = YES;
				CLANG_ENABLE_OBJC_WEAK = YES;
				CLANG_WARN_BLOCK_CAPTURE_AUTORELEASING = YES;
				CLANG_WARN_BOOL_CONVERSION = YES;
				CLANG_WARN_COMMA = YES;
				CLANG_WARN_CONSTANT_CONVERSION = YES;
				CLANG_WARN_DEPRECATED_OBJC_IMPLEMENTATIONS = YES;
				CLANG_WARN_DIRECT_OBJC_ISA_USAGE = YES_ERROR;
				CLANG_WARN_DOCUMENTATION_COMMENTS = YES;
				CLANG_WARN_EMPTY_BODY = YES;
				CLANG_WARN_ENUM_CONVERSION = YES;
				CLANG_WARN_INFINITE_RECURSION = YES;
				CLANG_WARN_INT_CONVERSION = YES;
				CLANG_WARN_NON_LITERAL_NULL_CONVERSION = YES;
				CLANG_WARN_OBJC_IMPLICIT_RETAIN_SELF = YES;
				CLANG_WARN_OBJC_LITERAL_CONVERSION = YES;
				CLANG_WARN_OBJC_ROOT_CLASS = YES_ERROR;
				CLANG_WARN_QUOTED_INCLUDE_IN_FRAMEWORK_HEADER = YES;
				CLANG_WARN_RANGE_LOOP_ANALYSIS = YES;
				CLANG_WARN_STRICT_PROTOTYPES = YES;
				CLANG_WARN_SUSPICIOUS_MOVE = YES;
				CLANG_WARN_UNGUARDED_AVAILABILITY = YES_AGGRESSIVE;
				CLANG_WARN_UNREACHABLE_CODE = YES;
				CLANG_WARN__DUPLICATE_METHOD_MATCH = YES;
				COPY_PHASE_STRIP = NO;
				DEBUG_INFORMATION_FORMAT = "dwarf-with-dsym";
				ENABLE_NS_ASSERTIONS = NO;
				ENABLE_STRICT_OBJC_MSGSEND = YES;
				ENABLE_USER_SCRIPT_SANDBOXING = YES;
				GCC_C_LANGUAGE_STANDARD = gnu17;
				GCC_NO_COMMON_BLOCKS = YES;
				GCC_WARN_64_TO_32_BIT_CONVERSION = YES;
				GCC_WARN_ABOUT_RETURN_TYPE = YES_ERROR;
				GCC_WARN_UNDECLARED_SELECTOR = YES;
				GCC_WARN_UNINITIALIZED_AUTOS = YES_AGGRESSIVE;
				GCC_WARN_UNUSED_FUNCTION = YES;
				GCC_WARN_UNUSED_VARIABLE = YES;
				IPHONEOS_DEPLOYMENT_TARGET = 17.0;
				LOCALIZATION_PREFERS_STRING_CATALOGS = YES;
				MTL_ENABLE_DEBUG_INFO = NO;
				MTL_FAST_MATH = YES;
				SDKROOT = iphoneos;
				SWIFT_COMPILATION_MODE = wholemodule;
				VALIDATE_PRODUCT = YES;
			};
			name = Release;
		};
		2FD9ECD92AFDCEF400549AD9 /* Debug */ = {
			isa = XCBuildConfiguration;
			buildSettings = {
				ASSETCATALOG_COMPILER_APPICON_NAME = AppIcon;
				ASSETCATALOG_COMPILER_GLOBAL_ACCENT_COLOR_NAME = AccentColor;
				CODE_SIGN_STYLE = Automatic;
				CURRENT_PROJECT_VERSION = 1;
				DEVELOPMENT_TEAM = TSW5URV5AA;
				GENERATE_INFOPLIST_FILE = YES;
				INFOPLIST_FILE = App12/Info.plist;
				INFOPLIST_KEY_UIApplicationSupportsIndirectInputEvents = YES;
				INFOPLIST_KEY_UILaunchStoryboardName = LaunchScreen;
				INFOPLIST_KEY_UIMainStoryboardFile = Main;
				INFOPLIST_KEY_UISupportedInterfaceOrientations_iPad = "UIInterfaceOrientationPortrait UIInterfaceOrientationPortraitUpsideDown UIInterfaceOrientationLandscapeLeft UIInterfaceOrientationLandscapeRight";
				INFOPLIST_KEY_UISupportedInterfaceOrientations_iPhone = "UIInterfaceOrientationPortrait UIInterfaceOrientationLandscapeLeft UIInterfaceOrientationLandscapeRight";
				LD_RUNPATH_SEARCH_PATHS = (
					"$(inherited)",
					"@executable_path/Frameworks",
				);
				MARKETING_VERSION = 1.0;
				PRODUCT_BUNDLE_IDENTIFIER = com.space.App12;
				PRODUCT_NAME = "$(TARGET_NAME)";
				SWIFT_EMIT_LOC_STRINGS = YES;
				SWIFT_VERSION = 5.0;
				TARGETED_DEVICE_FAMILY = "1,2";
			};
			name = Debug;
		};
		2FD9ECDA2AFDCEF400549AD9 /* Release */ = {
			isa = XCBuildConfiguration;
			buildSettings = {
				ASSETCATALOG_COMPILER_APPICON_NAME = AppIcon;
				ASSETCATALOG_COMPILER_GLOBAL_ACCENT_COLOR_NAME = AccentColor;
				CODE_SIGN_STYLE = Automatic;
				CURRENT_PROJECT_VERSION = 1;
				DEVELOPMENT_TEAM = TSW5URV5AA;
				GENERATE_INFOPLIST_FILE = YES;
				INFOPLIST_FILE = App12/Info.plist;
				INFOPLIST_KEY_UIApplicationSupportsIndirectInputEvents = YES;
				INFOPLIST_KEY_UILaunchStoryboardName = LaunchScreen;
				INFOPLIST_KEY_UIMainStoryboardFile = Main;
				INFOPLIST_KEY_UISupportedInterfaceOrientations_iPad = "UIInterfaceOrientationPortrait UIInterfaceOrientationPortraitUpsideDown UIInterfaceOrientationLandscapeLeft UIInterfaceOrientationLandscapeRight";
				INFOPLIST_KEY_UISupportedInterfaceOrientations_iPhone = "UIInterfaceOrientationPortrait UIInterfaceOrientationLandscapeLeft UIInterfaceOrientationLandscapeRight";
				LD_RUNPATH_SEARCH_PATHS = (
					"$(inherited)",
					"@executable_path/Frameworks",
				);
				MARKETING_VERSION = 1.0;
				PRODUCT_BUNDLE_IDENTIFIER = com.space.App12;
				PRODUCT_NAME = "$(TARGET_NAME)";
				SWIFT_EMIT_LOC_STRINGS = YES;
				SWIFT_VERSION = 5.0;
				TARGETED_DEVICE_FAMILY = "1,2";
			};
			name = Release;
		};
/* End XCBuildConfiguration section */

/* Begin XCConfigurationList section */
		2FD9ECBF2AFDCEF300549AD9 /* Build configuration list for PBXProject "App12" */ = {
			isa = XCConfigurationList;
			buildConfigurations = (
				2FD9ECD62AFDCEF400549AD9 /* Debug */,
				2FD9ECD72AFDCEF400549AD9 /* Release */,
			);
			defaultConfigurationIsVisible = 0;
			defaultConfigurationName = Release;
		};
		2FD9ECD82AFDCEF400549AD9 /* Build configuration list for PBXNativeTarget "App12" */ = {
			isa = XCConfigurationList;
			buildConfigurations = (
				2FD9ECD92AFDCEF400549AD9 /* Debug */,
				2FD9ECDA2AFDCEF400549AD9 /* Release */,
			);
			defaultConfigurationIsVisible = 0;
			defaultConfigurationName = Release;
		};
/* End XCConfigurationList section */

/* Begin XCRemoteSwiftPackageReference section */
		2F54062D2AFE1605009325E7 /* XCRemoteSwiftPackageReference "firebase-ios-sdk" */ = {
			isa = XCRemoteSwiftPackageReference;
			repositoryURL = "git@github.com:firebase/firebase-ios-sdk.git";
			requirement = {
				kind = upToNextMajorVersion;
				minimumVersion = 10.17.0;
			};
		};
/* End XCRemoteSwiftPackageReference section */

/* Begin XCSwiftPackageProductDependency section */
		2F54062E2AFE1605009325E7 /* FirebaseAnalytics */ = {
			isa = XCSwiftPackageProductDependency;
			package = 2F54062D2AFE1605009325E7 /* XCRemoteSwiftPackageReference "firebase-ios-sdk" */;
			productName = FirebaseAnalytics;
		};
		2F5406302AFE1605009325E7 /* FirebaseAnalyticsOnDeviceConversion */ = {
			isa = XCSwiftPackageProductDependency;
			package = 2F54062D2AFE1605009325E7 /* XCRemoteSwiftPackageReference "firebase-ios-sdk" */;
			productName = FirebaseAnalyticsOnDeviceConversion;
		};
		2F5406322AFE1605009325E7 /* FirebaseAnalyticsSwift */ = {
			isa = XCSwiftPackageProductDependency;
			package = 2F54062D2AFE1605009325E7 /* XCRemoteSwiftPackageReference "firebase-ios-sdk" */;
			productName = FirebaseAnalyticsSwift;
		};
		2F5406342AFE1605009325E7 /* FirebaseAnalyticsWithoutAdIdSupport */ = {
			isa = XCSwiftPackageProductDependency;
			package = 2F54062D2AFE1605009325E7 /* XCRemoteSwiftPackageReference "firebase-ios-sdk" */;
			productName = FirebaseAnalyticsWithoutAdIdSupport;
		};
		2F5406362AFE1605009325E7 /* FirebaseAppCheck */ = {
			isa = XCSwiftPackageProductDependency;
			package = 2F54062D2AFE1605009325E7 /* XCRemoteSwiftPackageReference "firebase-ios-sdk" */;
			productName = FirebaseAppCheck;
		};
		2F5406382AFE1605009325E7 /* FirebaseAppDistribution-Beta */ = {
			isa = XCSwiftPackageProductDependency;
			package = 2F54062D2AFE1605009325E7 /* XCRemoteSwiftPackageReference "firebase-ios-sdk" */;
			productName = "FirebaseAppDistribution-Beta";
		};
		2F54063A2AFE1605009325E7 /* FirebaseAuth */ = {
			isa = XCSwiftPackageProductDependency;
			package = 2F54062D2AFE1605009325E7 /* XCRemoteSwiftPackageReference "firebase-ios-sdk" */;
			productName = FirebaseAuth;
		};
		2F54063C2AFE1605009325E7 /* FirebaseAuthCombine-Community */ = {
			isa = XCSwiftPackageProductDependency;
			package = 2F54062D2AFE1605009325E7 /* XCRemoteSwiftPackageReference "firebase-ios-sdk" */;
			productName = "FirebaseAuthCombine-Community";
		};
		2F54063E2AFE1605009325E7 /* FirebaseCrashlytics */ = {
			isa = XCSwiftPackageProductDependency;
			package = 2F54062D2AFE1605009325E7 /* XCRemoteSwiftPackageReference "firebase-ios-sdk" */;
			productName = FirebaseCrashlytics;
		};
		2F5406402AFE1605009325E7 /* FirebaseDatabase */ = {
			isa = XCSwiftPackageProductDependency;
			package = 2F54062D2AFE1605009325E7 /* XCRemoteSwiftPackageReference "firebase-ios-sdk" */;
			productName = FirebaseDatabase;
		};
		2F5406422AFE1605009325E7 /* FirebaseDatabaseSwift */ = {
			isa = XCSwiftPackageProductDependency;
			package = 2F54062D2AFE1605009325E7 /* XCRemoteSwiftPackageReference "firebase-ios-sdk" */;
			productName = FirebaseDatabaseSwift;
		};
		2F5406442AFE1605009325E7 /* FirebaseDynamicLinks */ = {
			isa = XCSwiftPackageProductDependency;
			package = 2F54062D2AFE1605009325E7 /* XCRemoteSwiftPackageReference "firebase-ios-sdk" */;
			productName = FirebaseDynamicLinks;
		};
		2F5406462AFE1605009325E7 /* FirebaseFirestore */ = {
			isa = XCSwiftPackageProductDependency;
			package = 2F54062D2AFE1605009325E7 /* XCRemoteSwiftPackageReference "firebase-ios-sdk" */;
			productName = FirebaseFirestore;
		};
		2F5406482AFE1605009325E7 /* FirebaseFirestoreCombine-Community */ = {
			isa = XCSwiftPackageProductDependency;
			package = 2F54062D2AFE1605009325E7 /* XCRemoteSwiftPackageReference "firebase-ios-sdk" */;
			productName = "FirebaseFirestoreCombine-Community";
		};
		2F54064A2AFE1605009325E7 /* FirebaseFirestoreSwift */ = {
			isa = XCSwiftPackageProductDependency;
			package = 2F54062D2AFE1605009325E7 /* XCRemoteSwiftPackageReference "firebase-ios-sdk" */;
			productName = FirebaseFirestoreSwift;
		};
		2F54064C2AFE1605009325E7 /* FirebaseFunctions */ = {
			isa = XCSwiftPackageProductDependency;
			package = 2F54062D2AFE1605009325E7 /* XCRemoteSwiftPackageReference "firebase-ios-sdk" */;
			productName = FirebaseFunctions;
		};
		2F54064E2AFE1605009325E7 /* FirebaseFunctionsCombine-Community */ = {
			isa = XCSwiftPackageProductDependency;
			package = 2F54062D2AFE1605009325E7 /* XCRemoteSwiftPackageReference "firebase-ios-sdk" */;
			productName = "FirebaseFunctionsCombine-Community";
		};
		2F5406502AFE1605009325E7 /* FirebaseInAppMessaging-Beta */ = {
			isa = XCSwiftPackageProductDependency;
			package = 2F54062D2AFE1605009325E7 /* XCRemoteSwiftPackageReference "firebase-ios-sdk" */;
			productName = "FirebaseInAppMessaging-Beta";
		};
		2F5406522AFE1605009325E7 /* FirebaseInAppMessagingSwift-Beta */ = {
			isa = XCSwiftPackageProductDependency;
			package = 2F54062D2AFE1605009325E7 /* XCRemoteSwiftPackageReference "firebase-ios-sdk" */;
			productName = "FirebaseInAppMessagingSwift-Beta";
		};
		2F5406542AFE1605009325E7 /* FirebaseInstallations */ = {
			isa = XCSwiftPackageProductDependency;
			package = 2F54062D2AFE1605009325E7 /* XCRemoteSwiftPackageReference "firebase-ios-sdk" */;
			productName = FirebaseInstallations;
		};
		2F5406562AFE1605009325E7 /* FirebaseMLModelDownloader */ = {
			isa = XCSwiftPackageProductDependency;
			package = 2F54062D2AFE1605009325E7 /* XCRemoteSwiftPackageReference "firebase-ios-sdk" */;
			productName = FirebaseMLModelDownloader;
		};
		2F5406582AFE1605009325E7 /* FirebaseMessaging */ = {
			isa = XCSwiftPackageProductDependency;
			package = 2F54062D2AFE1605009325E7 /* XCRemoteSwiftPackageReference "firebase-ios-sdk" */;
			productName = FirebaseMessaging;
		};
		2F54065A2AFE1605009325E7 /* FirebasePerformance */ = {
			isa = XCSwiftPackageProductDependency;
			package = 2F54062D2AFE1605009325E7 /* XCRemoteSwiftPackageReference "firebase-ios-sdk" */;
			productName = FirebasePerformance;
		};
		2F54065C2AFE1605009325E7 /* FirebaseRemoteConfig */ = {
			isa = XCSwiftPackageProductDependency;
			package = 2F54062D2AFE1605009325E7 /* XCRemoteSwiftPackageReference "firebase-ios-sdk" */;
			productName = FirebaseRemoteConfig;
		};
		2F54065E2AFE1605009325E7 /* FirebaseRemoteConfigSwift */ = {
			isa = XCSwiftPackageProductDependency;
			package = 2F54062D2AFE1605009325E7 /* XCRemoteSwiftPackageReference "firebase-ios-sdk" */;
			productName = FirebaseRemoteConfigSwift;
		};
		2F5406602AFE1605009325E7 /* FirebaseStorage */ = {
			isa = XCSwiftPackageProductDependency;
			package = 2F54062D2AFE1605009325E7 /* XCRemoteSwiftPackageReference "firebase-ios-sdk" */;
			productName = FirebaseStorage;
		};
		2F5406622AFE1605009325E7 /* FirebaseStorageCombine-Community */ = {
			isa = XCSwiftPackageProductDependency;
			package = 2F54062D2AFE1605009325E7 /* XCRemoteSwiftPackageReference "firebase-ios-sdk" */;
			productName = "FirebaseStorageCombine-Community";
		};
/* End XCSwiftPackageProductDependency section */
	};
	rootObject = 2FD9ECBC2AFDCEF300549AD9 /* Project object */;
}
